<?xml version="1.0" encoding="utf-8"?>
<Project ToolsVersion="4.0" xmlns="http://schemas.microsoft.com/developer/msbuild/2003">
  <ItemGroup>
    <Filter Include="Source Files">
      <UniqueIdentifier>{4FC737F1-C7A5-4376-A066-2A32D752A2FF}</UniqueIdentifier>
      <Extensions>cpp;c;cc;cxx;def;odl;idl;hpj;bat;asm;asmx</Extensions>
    </Filter>
    <Filter Include="Header Files">
      <UniqueIdentifier>{93995380-89BD-4b04-88EB-625FBE52EBFB}</UniqueIdentifier>
      <Extensions>h;hh;hpp;hxx;hm;inl;inc;ipp;xsd</Extensions>
    </Filter>
    <Filter Include="Resource Files">
      <UniqueIdentifier>{67DA6AB6-F800-4c08-8B7A-83BB121AAD01}</UniqueIdentifier>
      <Extensions>rc;ico;cur;bmp;dlg;rc2;rct;bin;rgs;gif;jpg;jpeg;jpe;resx;tiff;tif;png;wav;mfcribbon-ms</Extensions>
    </Filter>
  </ItemGroup>
  <ItemGroup>
    <ClCompile Include="..\..\thinglang\runtime\main.cpp">
      <Filter>Source Files</Filter>
    </ClCompile>
    <ClCompile Include="..\..\thinglang\runtime\types\infrastructure\Comparisons.cpp">
      <Filter>Source Files</Filter>
    </ClCompile>
    <ClCompile Include="..\..\thinglang\runtime\types\infrastructure\ThingInstance.cpp">
      <Filter>Source Files</Filter>
    </ClCompile>
    <ClCompile Include="..\..\thinglang\runtime\types\infrastructure\ThingType.cpp">
      <Filter>Source Files</Filter>
    </ClCompile>
    <ClCompile Include="..\..\thinglang\runtime\loader\ProgramReader.cpp">
      <Filter>Source Files</Filter>
    </ClCompile>
    <ClCompile Include="..\..\thinglang\runtime\execution\Instruction.cpp">
      <Filter>Source Files</Filter>
    </ClCompile>
    <ClCompile Include="..\..\thinglang\runtime\execution\Program.cpp">
      <Filter>Source Files</Filter>
    </ClCompile>
    <ClCompile Include="..\..\thinglang\runtime\errors\RuntimeError.cpp">
      <Filter>Source Files</Filter>
    </ClCompile>
    <ClCompile Include="..\..\thinglang\foundation\classes\containers\IteratorType.cpp">
      <Filter>Source Files</Filter>
    </ClCompile>
    <ClCompile Include="..\..\thinglang\foundation\classes\containers\ListType.cpp">
      <Filter>Source Files</Filter>
    </ClCompile>
    <ClCompile Include="..\..\thinglang\foundation\classes\containers\MapType.cpp">
      <Filter>Source Files</Filter>
    </ClCompile>
    <ClCompile Include="..\..\thinglang\foundation\classes\exceptions\ExceptionType.cpp">
      <Filter>Source Files</Filter>
    </ClCompile>
    <ClCompile Include="..\..\thinglang\foundation\classes\io\console\ConsoleType.cpp">
      <Filter>Source Files</Filter>
    </ClCompile>
    <ClCompile Include="..\..\thinglang\foundation\classes\io\filesystem\DirectoryEntryType.cpp">
      <Filter>Source Files</Filter>
    </ClCompile>
    <ClCompile Include="..\..\thinglang\foundation\classes\io\filesystem\DirectoryType.cpp">
      <Filter>Source Files</Filter>
    </ClCompile>
    <ClCompile Include="..\..\thinglang\foundation\classes\io\filesystem\FileType.cpp">
      <Filter>Source Files</Filter>
    </ClCompile>
    <ClCompile Include="..\..\thinglang\foundation\classes\types\BoolType.cpp">
      <Filter>Source Files</Filter>
    </ClCompile>
    <ClCompile Include="..\..\thinglang\foundation\classes\types\NumberType.cpp">
      <Filter>Source Files</Filter>
    </ClCompile>
    <ClCompile Include="..\..\thinglang\foundation\classes\types\ObjectType.cpp">
      <Filter>Source Files</Filter>
    </ClCompile>
    <ClCompile Include="..\..\thinglang\foundation\classes\types\TextType.cpp">
      <Filter>Source Files</Filter>
    </ClCompile>
    <ClCompile Include="..\..\thinglang\foundation\classes\utilities\TimeType.cpp">
      <Filter>Source Files</Filter>
    </ClCompile>
  </ItemGroup>
  <ItemGroup>
    <ClInclude Include="..\..\thinglang\runtime\utils\Containers.h">
      <Filter>Source Files</Filter>
    </ClInclude>
    <ClInclude Include="..\..\thinglang\runtime\utils\Formatting.h">
      <Filter>Source Files</Filter>
    </ClInclude>
    <ClInclude Include="..\..\thinglang\runtime\utils\TypeNames.h">
      <Filter>Source Files</Filter>
    </ClInclude>
    <ClInclude Include="..\..\thinglang\runtime\types\infrastructure\Comparisons.h">
      <Filter>Header Files</Filter>
    </ClInclude>
    <ClInclude Include="..\..\thinglang\runtime\types\infrastructure\ThingInstance.h">
      <Filter>Header Files</Filter>
    </ClInclude>
    <ClInclude Include="..\..\thinglang\runtime\types\infrastructure\ThingType.h">
      <Filter>Header Files</Filter>
    </ClInclude>
    <ClInclude Include="..\..\thinglang\runtime\types\interfaces\IndexedInterface.h">
      <Filter>Header Files</Filter>
    </ClInclude>
    <ClInclude Include="..\..\thinglang\runtime\types\InternalTypes.h">
      <Filter>Header Files</Filter>
    </ClInclude>
    <ClInclude Include="..\..\thinglang\runtime\loader\ProgramReader.h">
      <Filter>Header Files</Filter>
    </ClInclude>
    <ClInclude Include="..\..\thinglang\runtime\execution\Globals.h">
      <Filter>Header Files</Filter>
    </ClInclude>
    <ClInclude Include="..\..\thinglang\runtime\execution\Instruction.h">
      <Filter>Header Files</Filter>
    </ClInclude>
    <ClInclude Include="..\..\thinglang\runtime\execution\Opcodes.h">
      <Filter>Header Files</Filter>
    </ClInclude>
    <ClInclude Include="..\..\thinglang\runtime\execution\Program.h">
      <Filter>Header Files</Filter>
    </ClInclude>
    <ClInclude Include="..\..\thinglang\runtime\errors\Aborts.h">
      <Filter>Header Files</Filter>
    </ClInclude>
    <ClInclude Include="..\..\thinglang\runtime\errors\RuntimeError.h">
      <Filter>Header Files</Filter>
    </ClInclude>
    <ClInclude Include="..\..\thinglang\include\args.h">
      <Filter>Header Files</Filter>
    </ClInclude>
    <ClInclude Include="..\..\thinglang\foundation\classes\containers\IteratorType.h">
      <Filter>Source Files</Filter>
    </ClInclude>
    <ClInclude Include="..\..\thinglang\foundation\classes\containers\ListType.h">
      <Filter>Source Files</Filter>
    </ClInclude>
    <ClInclude Include="..\..\thinglang\foundation\classes\containers\MapType.h">
      <Filter>Source Files</Filter>
    </ClInclude>
    <ClInclude Include="..\..\thinglang\foundation\classes\exceptions\ExceptionType.h">
      <Filter>Source Files</Filter>
    </ClInclude>
    <ClInclude Include="..\..\thinglang\foundation\classes\io\console\ConsoleType.h">
      <Filter>Source Files</Filter>
    </ClInclude>
    <ClInclude Include="..\..\thinglang\foundation\classes\io\filesystem\DirectoryEntryType.h">
      <Filter>Source Files</Filter>
    </ClInclude>
    <ClInclude Include="..\..\thinglang\foundation\classes\io\filesystem\DirectoryType.h">
      <Filter>Source Files</Filter>
    </ClInclude>
    <ClInclude Include="..\..\thinglang\foundation\classes\io\filesystem\FileType.h">
      <Filter>Source Files</Filter>
    </ClInclude>
    <ClInclude Include="..\..\thinglang\foundation\classes\types\BoolType.h">
      <Filter>Source Files</Filter>
    </ClInclude>
    <ClInclude Include="..\..\thinglang\foundation\classes\types\NumberType.h">
      <Filter>Source Files</Filter>
    </ClInclude>
    <ClInclude Include="..\..\thinglang\foundation\classes\types\ObjectType.h">
      <Filter>Source Files</Filter>
    </ClInclude>
    <ClInclude Include="..\..\thinglang\foundation\classes\types\TextType.h">
      <Filter>Source Files</Filter>
    </ClInclude>
    <ClInclude Include="..\..\thinglang\foundation\classes\utilities\TimeType.h">
      <Filter>Source Files</Filter>
    </ClInclude>
    <ClInclude Include="..\..\thinglang\include\dirent.h">
      <Filter>Header Files</Filter>
    </ClInclude>
  </ItemGroup>
</Project>